// !$*UTF8*$!
{
	archiveVersion = 1;
	classes = {
	};
	objectVersion = 56;
	objects = {

/* Begin PBXBuildFile section */
		9C7447242A4330B3007298DB /* SettingsViewController.swift in Sources */ = {isa = PBXBuildFile; fileRef = 9C7447232A4330B3007298DB /* SettingsViewController.swift */; };
		9C79AEF82A168B3A003727EC /* AppDelegate.swift in Sources */ = {isa = PBXBuildFile; fileRef = 9C79AEF72A168B3A003727EC /* AppDelegate.swift */; };
		9C79AEFA2A168B3A003727EC /* SceneDelegate.swift in Sources */ = {isa = PBXBuildFile; fileRef = 9C79AEF92A168B3A003727EC /* SceneDelegate.swift */; };
		9C79AEFC2A168B3A003727EC /* GameViewController.swift in Sources */ = {isa = PBXBuildFile; fileRef = 9C79AEFB2A168B3A003727EC /* GameViewController.swift */; };
		9C79AEFF2A168B3A003727EC /* Main.storyboard in Resources */ = {isa = PBXBuildFile; fileRef = 9C79AEFD2A168B3A003727EC /* Main.storyboard */; };
		9C79AF012A168B3B003727EC /* Assets.xcassets in Resources */ = {isa = PBXBuildFile; fileRef = 9C79AF002A168B3B003727EC /* Assets.xcassets */; };
		9C79AF042A168B3B003727EC /* LaunchScreen.storyboard in Resources */ = {isa = PBXBuildFile; fileRef = 9C79AF022A168B3B003727EC /* LaunchScreen.storyboard */; };
		9C9DDB1B2A3B5F4D000BAE45 /* GameRules.swift in Sources */ = {isa = PBXBuildFile; fileRef = 9C9DDB1A2A3B5F4D000BAE45 /* GameRules.swift */; };
		9C9DDB1D2A405D04000BAE45 /* CollectionViewCell.swift in Sources */ = {isa = PBXBuildFile; fileRef = 9C9DDB1C2A405D04000BAE45 /* CollectionViewCell.swift */; };
		9C9DDB212A41FB28000BAE45 /* Lottie in Frameworks */ = {isa = PBXBuildFile; productRef = 9C9DDB202A41FB28000BAE45 /* Lottie */; };
		9C9DDB292A420200000BAE45 /* Confetti.json in Resources */ = {isa = PBXBuildFile; fileRef = 9C9DDB282A420200000BAE45 /* Confetti.json */; };
		9CD369212A1F64350054A4BC /* CompositionalLayout.swift in Sources */ = {isa = PBXBuildFile; fileRef = 9CD369202A1F64350054A4BC /* CompositionalLayout.swift */; };
		9CD369262A1FA6F60054A4BC /* Game.swift in Sources */ = {isa = PBXBuildFile; fileRef = 9CD369252A1FA6F60054A4BC /* Game.swift */; };
		9CD369292A1FADCA0054A4BC /* Player.swift in Sources */ = {isa = PBXBuildFile; fileRef = 9CD369282A1FADCA0054A4BC /* Player.swift */; };
		9CD369352A1FC9360054A4BC /* TicTacToeTests.swift in Sources */ = {isa = PBXBuildFile; fileRef = 9CD369342A1FC9360054A4BC /* TicTacToeTests.swift */; };
		9CD3693C2A1FCE5F0054A4BC /* BoardGrid.swift in Sources */ = {isa = PBXBuildFile; fileRef = 9CD3693B2A1FCE5F0054A4BC /* BoardGrid.swift */; };
		9CD3693E2A20F0110054A4BC /* Turn.swift in Sources */ = {isa = PBXBuildFile; fileRef = 9CD3693D2A20F0110054A4BC /* Turn.swift */; };
		9CD369412A24AE750054A4BC /* GameTests.swift in Sources */ = {isa = PBXBuildFile; fileRef = 9CD369402A24AE750054A4BC /* GameTests.swift */; };
		9CD369452A2F9D870054A4BC /* Move.swift in Sources */ = {isa = PBXBuildFile; fileRef = 9CD369442A2F9D870054A4BC /* Move.swift */; };
/* End PBXBuildFile section */

/* Begin PBXContainerItemProxy section */
		9CD369362A1FC9360054A4BC /* PBXContainerItemProxy */ = {
			isa = PBXContainerItemProxy;
			containerPortal = 9C79AEEC2A168B3A003727EC /* Project object */;
			proxyType = 1;
			remoteGlobalIDString = 9C79AEF32A168B3A003727EC;
			remoteInfo = TicTacToe;
		};
/* End PBXContainerItemProxy section */

/* Begin PBXFileReference section */
		9C7447232A4330B3007298DB /* SettingsViewController.swift */ = {isa = PBXFileReference; lastKnownFileType = sourcecode.swift; path = SettingsViewController.swift; sourceTree = "<group>"; };
		9C79AEF42A168B3A003727EC /* TicTacToe.app */ = {isa = PBXFileReference; explicitFileType = wrapper.application; includeInIndex = 0; path = TicTacToe.app; sourceTree = BUILT_PRODUCTS_DIR; };
		9C79AEF72A168B3A003727EC /* AppDelegate.swift */ = {isa = PBXFileReference; lastKnownFileType = sourcecode.swift; path = AppDelegate.swift; sourceTree = "<group>"; };
		9C79AEF92A168B3A003727EC /* SceneDelegate.swift */ = {isa = PBXFileReference; lastKnownFileType = sourcecode.swift; path = SceneDelegate.swift; sourceTree = "<group>"; };
		9C79AEFB2A168B3A003727EC /* GameViewController.swift */ = {isa = PBXFileReference; lastKnownFileType = sourcecode.swift; path = GameViewController.swift; sourceTree = "<group>"; };
		9C79AEFE2A168B3A003727EC /* Base */ = {isa = PBXFileReference; lastKnownFileType = file.storyboard; name = Base; path = Base.lproj/Main.storyboard; sourceTree = "<group>"; };
		9C79AF002A168B3B003727EC /* Assets.xcassets */ = {isa = PBXFileReference; lastKnownFileType = folder.assetcatalog; path = Assets.xcassets; sourceTree = "<group>"; };
		9C79AF032A168B3B003727EC /* Base */ = {isa = PBXFileReference; lastKnownFileType = file.storyboard; name = Base; path = Base.lproj/LaunchScreen.storyboard; sourceTree = "<group>"; };
		9C79AF052A168B3B003727EC /* Info.plist */ = {isa = PBXFileReference; lastKnownFileType = text.plist.xml; path = Info.plist; sourceTree = "<group>"; };
		9C9DDB1A2A3B5F4D000BAE45 /* GameRules.swift */ = {isa = PBXFileReference; lastKnownFileType = sourcecode.swift; path = GameRules.swift; sourceTree = "<group>"; };
		9C9DDB1C2A405D04000BAE45 /* CollectionViewCell.swift */ = {isa = PBXFileReference; lastKnownFileType = sourcecode.swift; path = CollectionViewCell.swift; sourceTree = "<group>"; };
		9C9DDB282A420200000BAE45 /* Confetti.json */ = {isa = PBXFileReference; fileEncoding = 4; lastKnownFileType = text.json; path = Confetti.json; sourceTree = "<group>"; };
		9CD369202A1F64350054A4BC /* CompositionalLayout.swift */ = {isa = PBXFileReference; lastKnownFileType = sourcecode.swift; path = CompositionalLayout.swift; sourceTree = "<group>"; };
		9CD369252A1FA6F60054A4BC /* Game.swift */ = {isa = PBXFileReference; lastKnownFileType = sourcecode.swift; path = Game.swift; sourceTree = "<group>"; };
		9CD369282A1FADCA0054A4BC /* Player.swift */ = {isa = PBXFileReference; lastKnownFileType = sourcecode.swift; path = Player.swift; sourceTree = "<group>"; };
		9CD369322A1FC9360054A4BC /* TicTacToeTests.xctest */ = {isa = PBXFileReference; explicitFileType = wrapper.cfbundle; includeInIndex = 0; path = TicTacToeTests.xctest; sourceTree = BUILT_PRODUCTS_DIR; };
		9CD369342A1FC9360054A4BC /* TicTacToeTests.swift */ = {isa = PBXFileReference; lastKnownFileType = sourcecode.swift; path = TicTacToeTests.swift; sourceTree = "<group>"; };
		9CD3693B2A1FCE5F0054A4BC /* BoardGrid.swift */ = {isa = PBXFileReference; lastKnownFileType = sourcecode.swift; path = BoardGrid.swift; sourceTree = "<group>"; };
		9CD3693D2A20F0110054A4BC /* Turn.swift */ = {isa = PBXFileReference; lastKnownFileType = sourcecode.swift; path = Turn.swift; sourceTree = "<group>"; };
		9CD369402A24AE750054A4BC /* GameTests.swift */ = {isa = PBXFileReference; lastKnownFileType = sourcecode.swift; path = GameTests.swift; sourceTree = "<group>"; };
		9CD369442A2F9D870054A4BC /* Move.swift */ = {isa = PBXFileReference; lastKnownFileType = sourcecode.swift; path = Move.swift; sourceTree = "<group>"; };
/* End PBXFileReference section */

/* Begin PBXFrameworksBuildPhase section */
		9C79AEF12A168B3A003727EC /* Frameworks */ = {
			isa = PBXFrameworksBuildPhase;
			buildActionMask = 2147483647;
			files = (
				9C9DDB212A41FB28000BAE45 /* Lottie in Frameworks */,
			);
			runOnlyForDeploymentPostprocessing = 0;
		};
		9CD3692F2A1FC9360054A4BC /* Frameworks */ = {
			isa = PBXFrameworksBuildPhase;
			buildActionMask = 2147483647;
			files = (
			);
			runOnlyForDeploymentPostprocessing = 0;
		};
/* End PBXFrameworksBuildPhase section */

/* Begin PBXGroup section */
		9C79AEEB2A168B3A003727EC = {
			isa = PBXGroup;
			children = (
				9C79AEF62A168B3A003727EC /* TicTacToe */,
				9CD369332A1FC9360054A4BC /* TicTacToeTests */,
				9C79AEF52A168B3A003727EC /* Products */,
			);
			sourceTree = "<group>";
		};
		9C79AEF52A168B3A003727EC /* Products */ = {
			isa = PBXGroup;
			children = (
				9C79AEF42A168B3A003727EC /* TicTacToe.app */,
				9CD369322A1FC9360054A4BC /* TicTacToeTests.xctest */,
			);
			name = Products;
			sourceTree = "<group>";
		};
		9C79AEF62A168B3A003727EC /* TicTacToe */ = {
			isa = PBXGroup;
			children = (
				9CD369222A1F64930054A4BC /* Common */,
				9CD3692C2A1FC8880054A4BC /* Scenes */,
				9CD369272A1FADC20054A4BC /* Model */,
				9CD369242A1F64A80054A4BC /* SceneDelegate */,
				9CD369232A1F649E0054A4BC /* AppDelegate */,
				9C79AEFD2A168B3A003727EC /* Main.storyboard */,
				9C79AF002A168B3B003727EC /* Assets.xcassets */,
				9C79AF022A168B3B003727EC /* LaunchScreen.storyboard */,
				9C79AF052A168B3B003727EC /* Info.plist */,
			);
			path = TicTacToe;
			sourceTree = "<group>";
		};
		9C9DDB1E2A405D08000BAE45 /* Cell */ = {
			isa = PBXGroup;
			children = (
				9C9DDB1C2A405D04000BAE45 /* CollectionViewCell.swift */,
			);
			path = Cell;
			sourceTree = "<group>";
		};
		9C9DDB232A41FB64000BAE45 /* LottieAnimation */ = {
			isa = PBXGroup;
			children = (
				9C9DDB282A420200000BAE45 /* Confetti.json */,
			);
			name = LottieAnimation;
			sourceTree = "<group>";
		};
		9CD369222A1F64930054A4BC /* Common */ = {
			isa = PBXGroup;
			children = (
				9C9DDB232A41FB64000BAE45 /* LottieAnimation */,
				9CD369202A1F64350054A4BC /* CompositionalLayout.swift */,
			);
			path = Common;
			sourceTree = "<group>";
		};
		9CD369232A1F649E0054A4BC /* AppDelegate */ = {
			isa = PBXGroup;
			children = (
				9C79AEF72A168B3A003727EC /* AppDelegate.swift */,
			);
			path = AppDelegate;
			sourceTree = "<group>";
		};
		9CD369242A1F64A80054A4BC /* SceneDelegate */ = {
			isa = PBXGroup;
			children = (
				9C79AEF92A168B3A003727EC /* SceneDelegate.swift */,
			);
			path = SceneDelegate;
			sourceTree = "<group>";
		};
		9CD369272A1FADC20054A4BC /* Model */ = {
			isa = PBXGroup;
			children = (
				9CD369252A1FA6F60054A4BC /* Game.swift */,
				9CD3693B2A1FCE5F0054A4BC /* BoardGrid.swift */,
				9C9DDB1A2A3B5F4D000BAE45 /* GameRules.swift */,
				9CD369282A1FADCA0054A4BC /* Player.swift */,
				9CD3693D2A20F0110054A4BC /* Turn.swift */,
				9CD369442A2F9D870054A4BC /* Move.swift */,
			);
			path = Model;
			sourceTree = "<group>";
		};
		9CD3692C2A1FC8880054A4BC /* Scenes */ = {
			isa = PBXGroup;
			children = (
				9CD3692D2A1FC8D20054A4BC /* Game */,
				9C7447232A4330B3007298DB /* SettingsViewController.swift */,
			);
			path = Scenes;
			sourceTree = "<group>";
		};
		9CD3692D2A1FC8D20054A4BC /* Game */ = {
			isa = PBXGroup;
			children = (
				9C9DDB1E2A405D08000BAE45 /* Cell */,
				9C79AEFB2A168B3A003727EC /* GameViewController.swift */,
			);
			path = Game;
			sourceTree = "<group>";
		};
		9CD369332A1FC9360054A4BC /* TicTacToeTests */ = {
			isa = PBXGroup;
			children = (
				9CD3693F2A24AE630054A4BC /* Model */,
				9CD369342A1FC9360054A4BC /* TicTacToeTests.swift */,
			);
			path = TicTacToeTests;
			sourceTree = "<group>";
		};
		9CD3693F2A24AE630054A4BC /* Model */ = {
			isa = PBXGroup;
			children = (
				9CD369402A24AE750054A4BC /* GameTests.swift */,
			);
			path = Model;
			sourceTree = "<group>";
		};
/* End PBXGroup section */

/* Begin PBXNativeTarget section */
		9C79AEF32A168B3A003727EC /* TicTacToe */ = {
			isa = PBXNativeTarget;
			buildConfigurationList = 9C79AF082A168B3B003727EC /* Build configuration list for PBXNativeTarget "TicTacToe" */;
			buildPhases = (
				9C79AEF02A168B3A003727EC /* Sources */,
				9C79AEF12A168B3A003727EC /* Frameworks */,
				9C79AEF22A168B3A003727EC /* Resources */,
			);
			buildRules = (
			);
			dependencies = (
			);
			name = TicTacToe;
			packageProductDependencies = (
				9C9DDB202A41FB28000BAE45 /* Lottie */,
			);
			productName = TicTacToe;
			productReference = 9C79AEF42A168B3A003727EC /* TicTacToe.app */;
			productType = "com.apple.product-type.application";
		};
		9CD369312A1FC9360054A4BC /* TicTacToeTests */ = {
			isa = PBXNativeTarget;
			buildConfigurationList = 9CD369382A1FC9360054A4BC /* Build configuration list for PBXNativeTarget "TicTacToeTests" */;
			buildPhases = (
				9CD3692E2A1FC9360054A4BC /* Sources */,
				9CD3692F2A1FC9360054A4BC /* Frameworks */,
				9CD369302A1FC9360054A4BC /* Resources */,
			);
			buildRules = (
			);
			dependencies = (
				9CD369372A1FC9360054A4BC /* PBXTargetDependency */,
			);
			name = TicTacToeTests;
			productName = TicTacToeTests;
			productReference = 9CD369322A1FC9360054A4BC /* TicTacToeTests.xctest */;
			productType = "com.apple.product-type.bundle.unit-test";
		};
/* End PBXNativeTarget section */

/* Begin PBXProject section */
		9C79AEEC2A168B3A003727EC /* Project object */ = {
			isa = PBXProject;
			attributes = {
				BuildIndependentTargetsInParallel = 1;
				LastSwiftUpdateCheck = 1420;
				LastUpgradeCheck = 1420;
				TargetAttributes = {
					9C79AEF32A168B3A003727EC = {
						CreatedOnToolsVersion = 14.2;
					};
					9CD369312A1FC9360054A4BC = {
						CreatedOnToolsVersion = 14.2;
						TestTargetID = 9C79AEF32A168B3A003727EC;
					};
				};
			};
			buildConfigurationList = 9C79AEEF2A168B3A003727EC /* Build configuration list for PBXProject "TicTacToe" */;
			compatibilityVersion = "Xcode 14.0";
			developmentRegion = en;
			hasScannedForEncodings = 0;
			knownRegions = (
				en,
				Base,
			);
			mainGroup = 9C79AEEB2A168B3A003727EC;
			packageReferences = (
				9C9DDB1F2A41FB28000BAE45 /* XCRemoteSwiftPackageReference "lottie-ios" */,
			);
			productRefGroup = 9C79AEF52A168B3A003727EC /* Products */;
			projectDirPath = "";
			projectRoot = "";
			targets = (
				9C79AEF32A168B3A003727EC /* TicTacToe */,
				9CD369312A1FC9360054A4BC /* TicTacToeTests */,
			);
		};
/* End PBXProject section */

/* Begin PBXResourcesBuildPhase section */
		9C79AEF22A168B3A003727EC /* Resources */ = {
			isa = PBXResourcesBuildPhase;
			buildActionMask = 2147483647;
			files = (
				9C79AF042A168B3B003727EC /* LaunchScreen.storyboard in Resources */,
				9C79AF012A168B3B003727EC /* Assets.xcassets in Resources */,
				9C79AEFF2A168B3A003727EC /* Main.storyboard in Resources */,
				9C9DDB292A420200000BAE45 /* Confetti.json in Resources */,
			);
			runOnlyForDeploymentPostprocessing = 0;
		};
		9CD369302A1FC9360054A4BC /* Resources */ = {
			isa = PBXResourcesBuildPhase;
			buildActionMask = 2147483647;
			files = (
			);
			runOnlyForDeploymentPostprocessing = 0;
		};
/* End PBXResourcesBuildPhase section */

/* Begin PBXSourcesBuildPhase section */
		9C79AEF02A168B3A003727EC /* Sources */ = {
			isa = PBXSourcesBuildPhase;
			buildActionMask = 2147483647;
			files = (
				9CD3693C2A1FCE5F0054A4BC /* BoardGrid.swift in Sources */,
				9CD369212A1F64350054A4BC /* CompositionalLayout.swift in Sources */,
				9CD369262A1FA6F60054A4BC /* Game.swift in Sources */,
				9C79AEFC2A168B3A003727EC /* GameViewController.swift in Sources */,
				9CD3693E2A20F0110054A4BC /* Turn.swift in Sources */,
				9CD369292A1FADCA0054A4BC /* Player.swift in Sources */,
				9CD369452A2F9D870054A4BC /* Move.swift in Sources */,
				9C79AEF82A168B3A003727EC /* AppDelegate.swift in Sources */,
				9C79AEFA2A168B3A003727EC /* SceneDelegate.swift in Sources */,
				9C9DDB1B2A3B5F4D000BAE45 /* GameRules.swift in Sources */,
				9C9DDB1D2A405D04000BAE45 /* CollectionViewCell.swift in Sources */,
				9C7447242A4330B3007298DB /* SettingsViewController.swift in Sources */,
			);
			runOnlyForDeploymentPostprocessing = 0;
		};
		9CD3692E2A1FC9360054A4BC /* Sources */ = {
			isa = PBXSourcesBuildPhase;
			buildActionMask = 2147483647;
			files = (
				9CD369352A1FC9360054A4BC /* TicTacToeTests.swift in Sources */,
				9CD369412A24AE750054A4BC /* GameTests.swift in Sources */,
			);
			runOnlyForDeploymentPostprocessing = 0;
		};
/* End PBXSourcesBuildPhase section */

/* Begin PBXTargetDependency section */
		9CD369372A1FC9360054A4BC /* PBXTargetDependency */ = {
			isa = PBXTargetDependency;
			target = 9C79AEF32A168B3A003727EC /* TicTacToe */;
			targetProxy = 9CD369362A1FC9360054A4BC /* PBXContainerItemProxy */;
		};
/* End PBXTargetDependency section */

/* Begin PBXVariantGroup section */
		9C79AEFD2A168B3A003727EC /* Main.storyboard */ = {
			isa = PBXVariantGroup;
			children = (
				9C79AEFE2A168B3A003727EC /* Base */,
			);
			name = Main.storyboard;
			sourceTree = "<group>";
		};
		9C79AF022A168B3B003727EC /* LaunchScreen.storyboard */ = {
			isa = PBXVariantGroup;
			children = (
				9C79AF032A168B3B003727EC /* Base */,
			);
			name = LaunchScreen.storyboard;
			sourceTree = "<group>";
		};
/* End PBXVariantGroup section */

/* Begin XCBuildConfiguration section */
		9C79AF062A168B3B003727EC /* Debug */ = {
			isa = XCBuildConfiguration;
			buildSettings = {
				ALWAYS_SEARCH_USER_PATHS = NO;
				CLANG_ANALYZER_NONNULL = YES;
				CLANG_ANALYZER_NUMBER_OBJECT_CONVERSION = YES_AGGRESSIVE;
				CLANG_CXX_LANGUAGE_STANDARD = "gnu++20";
				CLANG_ENABLE_MODULES = YES;
				CLANG_ENABLE_OBJC_ARC = YES;
				CLANG_ENABLE_OBJC_WEAK = YES;
				CLANG_WARN_BLOCK_CAPTURE_AUTORELEASING = YES;
				CLANG_WARN_BOOL_CONVERSION = YES;
				CLANG_WARN_COMMA = YES;
				CLANG_WARN_CONSTANT_CONVERSION = YES;
				CLANG_WARN_DEPRECATED_OBJC_IMPLEMENTATIONS = YES;
				CLANG_WARN_DIRECT_OBJC_ISA_USAGE = YES_ERROR;
				CLANG_WARN_DOCUMENTATION_COMMENTS = YES;
				CLANG_WARN_EMPTY_BODY = YES;
				CLANG_WARN_ENUM_CONVERSION = YES;
				CLANG_WARN_INFINITE_RECURSION = YES;
				CLANG_WARN_INT_CONVERSION = YES;
				CLANG_WARN_NON_LITERAL_NULL_CONVERSION = YES;
				CLANG_WARN_OBJC_IMPLICIT_RETAIN_SELF = YES;
				CLANG_WARN_OBJC_LITERAL_CONVERSION = YES;
				CLANG_WARN_OBJC_ROOT_CLASS = YES_ERROR;
				CLANG_WARN_QUOTED_INCLUDE_IN_FRAMEWORK_HEADER = YES;
				CLANG_WARN_RANGE_LOOP_ANALYSIS = YES;
				CLANG_WARN_STRICT_PROTOTYPES = YES;
				CLANG_WARN_SUSPICIOUS_MOVE = YES;
				CLANG_WARN_UNGUARDED_AVAILABILITY = YES_AGGRESSIVE;
				CLANG_WARN_UNREACHABLE_CODE = YES;
				CLANG_WARN__DUPLICATE_METHOD_MATCH = YES;
				COPY_PHASE_STRIP = NO;
				DEBUG_INFORMATION_FORMAT = dwarf;
				ENABLE_STRICT_OBJC_MSGSEND = YES;
				ENABLE_TESTABILITY = YES;
				GCC_C_LANGUAGE_STANDARD = gnu11;
				GCC_DYNAMIC_NO_PIC = NO;
				GCC_NO_COMMON_BLOCKS = YES;
				GCC_OPTIMIZATION_LEVEL = 0;
				GCC_PREPROCESSOR_DEFINITIONS = (
					"DEBUG=1",
					"$(inherited)",
				);
				GCC_WARN_64_TO_32_BIT_CONVERSION = YES;
				GCC_WARN_ABOUT_RETURN_TYPE = YES_ERROR;
				GCC_WARN_UNDECLARED_SELECTOR = YES;
				GCC_WARN_UNINITIALIZED_AUTOS = YES_AGGRESSIVE;
				GCC_WARN_UNUSED_FUNCTION = YES;
				GCC_WARN_UNUSED_VARIABLE = YES;
				IPHONEOS_DEPLOYMENT_TARGET = 16.2;
				MTL_ENABLE_DEBUG_INFO = INCLUDE_SOURCE;
				MTL_FAST_MATH = YES;
				ONLY_ACTIVE_ARCH = YES;
				SDKROOT = iphoneos;
				SWIFT_ACTIVE_COMPILATION_CONDITIONS = DEBUG;
				SWIFT_OPTIMIZATION_LEVEL = "-Onone";
			};
			name = Debug;
		};
		9C79AF072A168B3B003727EC /* Release */ = {
			isa = XCBuildConfiguration;
			buildSettings = {
				ALWAYS_SEARCH_USER_PATHS = NO;
				CLANG_ANALYZER_NONNULL = YES;
				CLANG_ANALYZER_NUMBER_OBJECT_CONVERSION = YES_AGGRESSIVE;
				CLANG_CXX_LANGUAGE_STANDARD = "gnu++20";
				CLANG_ENABLE_MODULES = YES;
				CLANG_ENABLE_OBJC_ARC = YES;
				CLANG_ENABLE_OBJC_WEAK = YES;
				CLANG_WARN_BLOCK_CAPTURE_AUTORELEASING = YES;
				CLANG_WARN_BOOL_CONVERSION = YES;
				CLANG_WARN_COMMA = YES;
				CLANG_WARN_CONSTANT_CONVERSION = YES;
				CLANG_WARN_DEPRECATED_OBJC_IMPLEMENTATIONS = YES;
				CLANG_WARN_DIRECT_OBJC_ISA_USAGE = YES_ERROR;
				CLANG_WARN_DOCUMENTATION_COMMENTS = YES;
				CLANG_WARN_EMPTY_BODY = YES;
				CLANG_WARN_ENUM_CONVERSION = YES;
				CLANG_WARN_INFINITE_RECURSION = YES;
				CLANG_WARN_INT_CONVERSION = YES;
				CLANG_WARN_NON_LITERAL_NULL_CONVERSION = YES;
				CLANG_WARN_OBJC_IMPLICIT_RETAIN_SELF = YES;
				CLANG_WARN_OBJC_LITERAL_CONVERSION = YES;
				CLANG_WARN_OBJC_ROOT_CLASS = YES_ERROR;
				CLANG_WARN_QUOTED_INCLUDE_IN_FRAMEWORK_HEADER = YES;
				CLANG_WARN_RANGE_LOOP_ANALYSIS = YES;
				CLANG_WARN_STRICT_PROTOTYPES = YES;
				CLANG_WARN_SUSPICIOUS_MOVE = YES;
				CLANG_WARN_UNGUARDED_AVAILABILITY = YES_AGGRESSIVE;
				CLANG_WARN_UNREACHABLE_CODE = YES;
				CLANG_WARN__DUPLICATE_METHOD_MATCH = YES;
				COPY_PHASE_STRIP = NO;
				DEBUG_INFORMATION_FORMAT = "dwarf-with-dsym";
				ENABLE_NS_ASSERTIONS = NO;
				ENABLE_STRICT_OBJC_MSGSEND = YES;
				GCC_C_LANGUAGE_STANDARD = gnu11;
				GCC_NO_COMMON_BLOCKS = YES;
				GCC_WARN_64_TO_32_BIT_CONVERSION = YES;
				GCC_WARN_ABOUT_RETURN_TYPE = YES_ERROR;
				GCC_WARN_UNDECLARED_SELECTOR = YES;
				GCC_WARN_UNINITIALIZED_AUTOS = YES_AGGRESSIVE;
				GCC_WARN_UNUSED_FUNCTION = YES;
				GCC_WARN_UNUSED_VARIABLE = YES;
				IPHONEOS_DEPLOYMENT_TARGET = 16.2;
				MTL_ENABLE_DEBUG_INFO = NO;
				MTL_FAST_MATH = YES;
				SDKROOT = iphoneos;
				SWIFT_COMPILATION_MODE = wholemodule;
				SWIFT_OPTIMIZATION_LEVEL = "-O";
				VALIDATE_PRODUCT = YES;
			};
			name = Release;
		};
		9C79AF092A168B3B003727EC /* Debug */ = {
			isa = XCBuildConfiguration;
			buildSettings = {
				ASSETCATALOG_COMPILER_APPICON_NAME = AppIcon;
				ASSETCATALOG_COMPILER_GLOBAL_ACCENT_COLOR_NAME = AccentColor;
				CODE_SIGN_STYLE = Automatic;
				CURRENT_PROJECT_VERSION = 1;
				DEVELOPMENT_TEAM = DSYB3VSYU2;
				GENERATE_INFOPLIST_FILE = YES;
				INFOPLIST_FILE = TicTacToe/Info.plist;
				INFOPLIST_KEY_UIApplicationSupportsIndirectInputEvents = YES;
				INFOPLIST_KEY_UILaunchStoryboardName = LaunchScreen;
				INFOPLIST_KEY_UIMainStoryboardFile = Main;
				INFOPLIST_KEY_UISupportedInterfaceOrientations_iPad = "UIInterfaceOrientationPortrait UIInterfaceOrientationPortraitUpsideDown UIInterfaceOrientationLandscapeLeft UIInterfaceOrientationLandscapeRight";
				INFOPLIST_KEY_UISupportedInterfaceOrientations_iPhone = "UIInterfaceOrientationPortrait UIInterfaceOrientationLandscapeLeft UIInterfaceOrientationLandscapeRight";
				LD_RUNPATH_SEARCH_PATHS = (
					"$(inherited)",
					"@executable_path/Frameworks",
				);
				MARKETING_VERSION = 1.0;
				PRODUCT_BUNDLE_IDENTIFIER = marinaaguiar.TicTacToe;
				PRODUCT_NAME = "$(TARGET_NAME)";
				SWIFT_EMIT_LOC_STRINGS = YES;
				SWIFT_VERSION = 5.0;
				TARGETED_DEVICE_FAMILY = "1,2";
			};
			name = Debug;
		};
		9C79AF0A2A168B3B003727EC /* Release */ = {
			isa = XCBuildConfiguration;
			buildSettings = {
				ASSETCATALOG_COMPILER_APPICON_NAME = AppIcon;
				ASSETCATALOG_COMPILER_GLOBAL_ACCENT_COLOR_NAME = AccentColor;
				CODE_SIGN_STYLE = Automatic;
				CURRENT_PROJECT_VERSION = 1;
				DEVELOPMENT_TEAM = DSYB3VSYU2;
				GENERATE_INFOPLIST_FILE = YES;
				INFOPLIST_FILE = TicTacToe/Info.plist;
				INFOPLIST_KEY_UIApplicationSupportsIndirectInputEvents = YES;
				INFOPLIST_KEY_UILaunchStoryboardName = LaunchScreen;
				INFOPLIST_KEY_UIMainStoryboardFile = Main;
				INFOPLIST_KEY_UISupportedInterfaceOrientations_iPad = "UIInterfaceOrientationPortrait UIInterfaceOrientationPortraitUpsideDown UIInterfaceOrientationLandscapeLeft UIInterfaceOrientationLandscapeRight";
				INFOPLIST_KEY_UISupportedInterfaceOrientations_iPhone = "UIInterfaceOrientationPortrait UIInterfaceOrientationLandscapeLeft UIInterfaceOrientationLandscapeRight";
				LD_RUNPATH_SEARCH_PATHS = (
					"$(inherited)",
					"@executable_path/Frameworks",
				);
				MARKETING_VERSION = 1.0;
				PRODUCT_BUNDLE_IDENTIFIER = marinaaguiar.TicTacToe;
				PRODUCT_NAME = "$(TARGET_NAME)";
				SWIFT_EMIT_LOC_STRINGS = YES;
				SWIFT_VERSION = 5.0;
				TARGETED_DEVICE_FAMILY = "1,2";
			};
			name = Release;
		};
		9CD369392A1FC9360054A4BC /* Debug */ = {
			isa = XCBuildConfiguration;
			buildSettings = {
				BUNDLE_LOADER = "$(TEST_HOST)";
				CODE_SIGN_STYLE = Automatic;
				CURRENT_PROJECT_VERSION = 1;
				DEVELOPMENT_TEAM = DSYB3VSYU2;
				GENERATE_INFOPLIST_FILE = YES;
				MARKETING_VERSION = 1.0;
				PRODUCT_BUNDLE_IDENTIFIER = marinaaguiar.TicTacToeTests;
				PRODUCT_NAME = "$(TARGET_NAME)";
				SWIFT_EMIT_LOC_STRINGS = NO;
				SWIFT_VERSION = 5.0;
				TARGETED_DEVICE_FAMILY = "1,2";
				TEST_HOST = "$(BUILT_PRODUCTS_DIR)/TicTacToe.app/$(BUNDLE_EXECUTABLE_FOLDER_PATH)/TicTacToe";
			};
			name = Debug;
		};
		9CD3693A2A1FC9360054A4BC /* Release */ = {
			isa = XCBuildConfiguration;
			buildSettings = {
				BUNDLE_LOADER = "$(TEST_HOST)";
				CODE_SIGN_STYLE = Automatic;
				CURRENT_PROJECT_VERSION = 1;
				DEVELOPMENT_TEAM = DSYB3VSYU2;
				GENERATE_INFOPLIST_FILE = YES;
				MARKETING_VERSION = 1.0;
				PRODUCT_BUNDLE_IDENTIFIER = marinaaguiar.TicTacToeTests;
				PRODUCT_NAME = "$(TARGET_NAME)";
				SWIFT_EMIT_LOC_STRINGS = NO;
				SWIFT_VERSION = 5.0;
				TARGETED_DEVICE_FAMILY = "1,2";
				TEST_HOST = "$(BUILT_PRODUCTS_DIR)/TicTacToe.app/$(BUNDLE_EXECUTABLE_FOLDER_PATH)/TicTacToe";
			};
			name = Release;
		};
/* End XCBuildConfiguration section */

/* Begin XCConfigurationList section */
		9C79AEEF2A168B3A003727EC /* Build configuration list for PBXProject "TicTacToe" */ = {
			isa = XCConfigurationList;
			buildConfigurations = (
				9C79AF062A168B3B003727EC /* Debug */,
				9C79AF072A168B3B003727EC /* Release */,
			);
			defaultConfigurationIsVisible = 0;
			defaultConfigurationName = Release;
		};
		9C79AF082A168B3B003727EC /* Build configuration list for PBXNativeTarget "TicTacToe" */ = {
			isa = XCConfigurationList;
			buildConfigurations = (
				9C79AF092A168B3B003727EC /* Debug */,
				9C79AF0A2A168B3B003727EC /* Release */,
			);
			defaultConfigurationIsVisible = 0;
			defaultConfigurationName = Release;
		};
		9CD369382A1FC9360054A4BC /* Build configuration list for PBXNativeTarget "TicTacToeTests" */ = {
			isa = XCConfigurationList;
			buildConfigurations = (
				9CD369392A1FC9360054A4BC /* Debug */,
				9CD3693A2A1FC9360054A4BC /* Release */,
			);
			defaultConfigurationIsVisible = 0;
			defaultConfigurationName = Release;
		};
/* End XCConfigurationList section */

/* Begin XCRemoteSwiftPackageReference section */
		9C9DDB1F2A41FB28000BAE45 /* XCRemoteSwiftPackageReference "lottie-ios" */ = {
			isa = XCRemoteSwiftPackageReference;
			repositoryURL = "https://github.com/airbnb/lottie-ios.git";
			requirement = {
				branch = master;
				kind = branch;
			};
		};
/* End XCRemoteSwiftPackageReference section */

/* Begin XCSwiftPackageProductDependency section */
		9C9DDB202A41FB28000BAE45 /* Lottie */ = {
			isa = XCSwiftPackageProductDependency;
			package = 9C9DDB1F2A41FB28000BAE45 /* XCRemoteSwiftPackageReference "lottie-ios" */;
			productName = Lottie;
		};
/* End XCSwiftPackageProductDependency section */
	};
	rootObject = 9C79AEEC2A168B3A003727EC /* Project object */;
}
